
Microsoft Visual Studio Solution File, Format Version 12.00
# Visual Studio Version 17
VisualStudioVersion = 17.11.35431.28
MinimumVisualStudioVersion = 10.0.40219.1
Project("{9A19103F-16F7-4668-BE54-9A1E7A4F7556}") = "PlanoContas.Api", "PlanoContas.Api.csproj", "{6DC8622C-EABA-479D-BC85-C638348BEE19}"
EndProject
Project("{9A19103F-16F7-4668-BE54-9A1E7A4F7556}") = "PlanoContas.Domain", "..\PlanoContas.Domain\PlanoContas.Domain.csproj", "{E0073F01-0A9D-466E-BB95-ED3EA497A3FE}"
EndProject
Project("{9A19103F-16F7-4668-BE54-9A1E7A4F7556}") = "PlanoContas.Application", "..\PlanoContas.Application\PlanoContas.Application.csproj", "{BCF4C032-10F5-46B4-AC31-9448512C0D2D}"
EndProject
Project("{9A19103F-16F7-4668-BE54-9A1E7A4F7556}") = "PlanoContas.Infra", "..\PlanoContas.Infra\PlanoContas.Infra.csproj", "{5379F239-3E85-48B1-93DE-F2F111A478F4}"
EndProject
Project("{2150E333-8FDC-42A3-9474-1A3956D46DE8}") = "Itens de Solução", "Itens de Solução", "{68C2E84E-D57F-423F-AD13-8DCF24F2243D}"
	ProjectSection(SolutionItems) = preProject
		.gitignore = .gitignore
	EndProjectSection
EndProject
Global
	GlobalSection(SolutionConfigurationPlatforms) = preSolution
		Debug|Any CPU = Debug|Any CPU
		Release|Any CPU = Release|Any CPU
	EndGlobalSection
	GlobalSection(ProjectConfigurationPlatforms) = postSolution
		{6DC8622C-EABA-479D-BC85-C638348BEE19}.Debug|Any CPU.ActiveCfg = Debug|Any CPU
		{6DC8622C-EABA-479D-BC85-C638348BEE19}.Debug|Any CPU.Build.0 = Debug|Any CPU
		{6DC8622C-EABA-479D-BC85-C638348BEE19}.Release|Any CPU.ActiveCfg = Release|Any CPU
		{6DC8622C-EABA-479D-BC85-C638348BEE19}.Release|Any CPU.Build.0 = Release|Any CPU
		{E0073F01-0A9D-466E-BB95-ED3EA497A3FE}.Debug|Any CPU.ActiveCfg = Debug|Any CPU
		{E0073F01-0A9D-466E-BB95-ED3EA497A3FE}.Debug|Any CPU.Build.0 = Debug|Any CPU
		{E0073F01-0A9D-466E-BB95-ED3EA497A3FE}.Release|Any CPU.ActiveCfg = Release|Any CPU
		{E0073F01-0A9D-466E-BB95-ED3EA497A3FE}.Release|Any CPU.Build.0 = Release|Any CPU
		{BCF4C032-10F5-46B4-AC31-9448512C0D2D}.Debug|Any CPU.ActiveCfg = Debug|Any CPU
		{BCF4C032-10F5-46B4-AC31-9448512C0D2D}.Debug|Any CPU.Build.0 = Debug|Any CPU
		{BCF4C032-10F5-46B4-AC31-9448512C0D2D}.Release|Any CPU.ActiveCfg = Release|Any CPU
		{BCF4C032-10F5-46B4-AC31-9448512C0D2D}.Release|Any CPU.Build.0 = Release|Any CPU
		{5379F239-3E85-48B1-93DE-F2F111A478F4}.Debug|Any CPU.ActiveCfg = Debug|Any CPU
		{5379F239-3E85-48B1-93DE-F2F111A478F4}.Debug|Any CPU.Build.0 = Debug|Any CPU
		{5379F239-3E85-48B1-93DE-F2F111A478F4}.Release|Any CPU.ActiveCfg = Release|Any CPU
		{5379F239-3E85-48B1-93DE-F2F111A478F4}.Release|Any CPU.Build.0 = Release|Any CPU
	EndGlobalSection
	GlobalSection(SolutionProperties) = preSolution
		HideSolutionNode = FALSE
	EndGlobalSection
	GlobalSection(ExtensibilityGlobals) = postSolution
		SolutionGuid = {94CDB699-A220-4ECF-B040-02865882D401}
	EndGlobalSection
EndGlobal
